
Microsoft Visual Studio Solution File, Format Version 12.00
# Visual Studio Version 16
VisualStudioVersion = 16.0.30011.22
MinimumVisualStudioVersion = 10.0.40219.1
Project("{FAE04EC0-301F-11D3-BF4B-00C04F79EFBC}") = "DependancyInjection", "DependancyInjection\DependancyInjection.csproj", "{C6A03D9F-C719-49EF-992C-FDC06B0651C2}"
EndProject
Project("{FAE04EC0-301F-11D3-BF4B-00C04F79EFBC}") = "DAL", "DAL\DAL.csproj", "{D0A889AE-ABDE-44BD-889A-E2BDEBF727B5}"
EndProject
Project("{FAE04EC0-301F-11D3-BF4B-00C04F79EFBC}") = "Services", "Services\Services.csproj", "{C7E7DBB8-A386-45D8-A2F1-C44AC15D97CF}"
EndProject
Project("{FAE04EC0-301F-11D3-BF4B-00C04F79EFBC}") = "DTO", "DTO\DTO.csproj", "{0DFDA95E-0E66-49FE-9782-30E0CEBB94B9}"
EndProject
Global
	GlobalSection(SolutionConfigurationPlatforms) = preSolution
		Debug|Any CPU = Debug|Any CPU
		Release|Any CPU = Release|Any CPU
	EndGlobalSection
	GlobalSection(ProjectConfigurationPlatforms) = postSolution
		{C6A03D9F-C719-49EF-992C-FDC06B0651C2}.Debug|Any CPU.ActiveCfg = Debug|Any CPU
		{C6A03D9F-C719-49EF-992C-FDC06B0651C2}.Debug|Any CPU.Build.0 = Debug|Any CPU
		{C6A03D9F-C719-49EF-992C-FDC06B0651C2}.Release|Any CPU.ActiveCfg = Release|Any CPU
		{C6A03D9F-C719-49EF-992C-FDC06B0651C2}.Release|Any CPU.Build.0 = Release|Any CPU
		{D0A889AE-ABDE-44BD-889A-E2BDEBF727B5}.Debug|Any CPU.ActiveCfg = Debug|Any CPU
		{D0A889AE-ABDE-44BD-889A-E2BDEBF727B5}.Debug|Any CPU.Build.0 = Debug|Any CPU
		{D0A889AE-ABDE-44BD-889A-E2BDEBF727B5}.Release|Any CPU.ActiveCfg = Release|Any CPU
		{D0A889AE-ABDE-44BD-889A-E2BDEBF727B5}.Release|Any CPU.Build.0 = Release|Any CPU
		{C7E7DBB8-A386-45D8-A2F1-C44AC15D97CF}.Debug|Any CPU.ActiveCfg = Debug|Any CPU
		{C7E7DBB8-A386-45D8-A2F1-C44AC15D97CF}.Debug|Any CPU.Build.0 = Debug|Any CPU
		{C7E7DBB8-A386-45D8-A2F1-C44AC15D97CF}.Release|Any CPU.ActiveCfg = Release|Any CPU
		{C7E7DBB8-A386-45D8-A2F1-C44AC15D97CF}.Release|Any CPU.Build.0 = Release|Any CPU
		{0DFDA95E-0E66-49FE-9782-30E0CEBB94B9}.Debug|Any CPU.ActiveCfg = Debug|Any CPU
		{0DFDA95E-0E66-49FE-9782-30E0CEBB94B9}.Debug|Any CPU.Build.0 = Debug|Any CPU
		{0DFDA95E-0E66-49FE-9782-30E0CEBB94B9}.Release|Any CPU.ActiveCfg = Release|Any CPU
		{0DFDA95E-0E66-49FE-9782-30E0CEBB94B9}.Release|Any CPU.Build.0 = Release|Any CPU
	EndGlobalSection
	GlobalSection(SolutionProperties) = preSolution
		HideSolutionNode = FALSE
	EndGlobalSection
	GlobalSection(ExtensibilityGlobals) = postSolution
		SolutionGuid = {C48DCC65-23A5-4C3C-97D4-2A5239E6393A}
	EndGlobalSection
EndGlobal
